<?xml version="1.0" encoding="utf-8"?>
<Project ToolsVersion="4.0" xmlns="http://schemas.microsoft.com/developer/msbuild/2003">
  <ItemGroup>
    <Filter Include="Source Files">
      <UniqueIdentifier>{499a97e8-1084-4f17-b196-976d24dd92bc}</UniqueIdentifier>
      <Extensions>cpp;c;cxx;rc;def;r;odl;idl;hpj;bat</Extensions>
    </Filter>
    <Filter Include="Header Files">
      <UniqueIdentifier>{f7446692-c9a9-4cfb-97ee-e357d70bcc66}</UniqueIdentifier>
      <Extensions>h;hpp;hxx;hm;inl</Extensions>
    </Filter>
    <Filter Include="Resource Files">
      <UniqueIdentifier>{b6aecb54-396d-430e-8c51-0740a4eea855}</UniqueIdentifier>
      <Extensions>ico;cur;bmp;dlg;rc2;rct;bin;rgs;gif;jpg;jpeg;jpe</Extensions>
    </Filter>
  </ItemGroup>
  <ItemGroup>
    <ClCompile Include="BezierCurve.cpp">
      <Filter>Source Files</Filter>
    </ClCompile>
    <ClCompile Include="CGExe.cpp">
      <Filter>Source Files</Filter>
    </ClCompile>
    <ClCompile Include="CGExeDoc.cpp">
      <Filter>Source Files</Filter>
    </ClCompile>
    <ClCompile Include="CGExeView.cpp">
      <Filter>Source Files</Filter>
    </ClCompile>
    <ClCompile Include="ChnCities.cpp">
      <Filter>Source Files</Filter>
    </ClCompile>
    <ClCompile Include="ConvexHull.cpp">
      <Filter>Source Files</Filter>
    </ClCompile>
    <ClCompile Include="DDALine.cpp">
      <Filter>Source Files</Filter>
    </ClCompile>
    <ClCompile Include="GeoLayer.cpp">
      <Filter>Source Files</Filter>
    </ClCompile>
    <ClCompile Include="GeoMap.cpp">
      <Filter>Source Files</Filter>
    </ClCompile>
    <ClCompile Include="GeoObject.cpp">
      <Filter>Source Files</Filter>
    </ClCompile>
    <ClCompile Include="GeoPolygon.cpp">
      <Filter>Source Files</Filter>
    </ClCompile>
    <ClCompile Include="GeoPolyline.cpp">
      <Filter>Source Files</Filter>
    </ClCompile>
    <ClCompile Include="MainFrm.cpp">
      <Filter>Source Files</Filter>
    </ClCompile>
    <ClCompile Include="MapProject.cpp">
      <Filter>Source Files</Filter>
    </ClCompile>
    <ClCompile Include="MyLine1.cpp">
      <Filter>Source Files</Filter>
    </ClCompile>
    <ClCompile Include="SpatialIndex.cpp">
      <Filter>Source Files</Filter>
    </ClCompile>
    <ClCompile Include="SpatialIndexArea.cpp">
      <Filter>Source Files</Filter>
    </ClCompile>
    <ClCompile Include="SpatialObject.cpp">
      <Filter>Source Files</Filter>
    </ClCompile>
    <ClCompile Include="StdAfx.cpp">
      <Filter>Source Files</Filter>
    </ClCompile>
  </ItemGroup>
  <ItemGroup>
    <ResourceCompile Include="CGExe.rc">
      <Filter>Source Files</Filter>
    </ResourceCompile>
  </ItemGroup>
  <ItemGroup>
    <ClInclude Include="BezierCurve.h">
      <Filter>Header Files</Filter>
    </ClInclude>
    <ClInclude Include="CGExe.h">
      <Filter>Header Files</Filter>
    </ClInclude>
    <ClInclude Include="CGExeDoc.h">
      <Filter>Header Files</Filter>
    </ClInclude>
    <ClInclude Include="CGExeView.h">
      <Filter>Header Files</Filter>
    </ClInclude>
    <ClInclude Include="ChnCities.h">
      <Filter>Header Files</Filter>
    </ClInclude>
    <ClInclude Include="ConvexHull.h">
      <Filter>Header Files</Filter>
    </ClInclude>
    <ClInclude Include="DDALine.h">
      <Filter>Header Files</Filter>
    </ClInclude>
    <ClInclude Include="GeoLayer.h">
      <Filter>Header Files</Filter>
    </ClInclude>
    <ClInclude Include="GeoMap.h">
      <Filter>Header Files</Filter>
    </ClInclude>
    <ClInclude Include="GeoObject.h">
      <Filter>Header Files</Filter>
    </ClInclude>
    <ClInclude Include="GeoPolygon.h">
      <Filter>Header Files</Filter>
    </ClInclude>
    <ClInclude Include="GeoPolyline.h">
      <Filter>Header Files</Filter>
    </ClInclude>
    <ClInclude Include="MainFrm.h">
      <Filter>Header Files</Filter>
    </ClInclude>
    <ClInclude Include="MapProject.h">
      <Filter>Header Files</Filter>
    </ClInclude>
    <ClInclude Include="MyLine1.h">
      <Filter>Header Files</Filter>
    </ClInclude>
    <ClInclude Include="Resource.h">
      <Filter>Header Files</Filter>
    </ClInclude>
    <ClInclude Include="SpatialIndex.h">
      <Filter>Header Files</Filter>
    </ClInclude>
    <ClInclude Include="SpatialIndexArea.h">
      <Filter>Header Files</Filter>
    </ClInclude>
    <ClInclude Include="SpatialObject.h">
      <Filter>Header Files</Filter>
    </ClInclude>
    <ClInclude Include="StdAfx.h">
      <Filter>Header Files</Filter>
    </ClInclude>
  </ItemGroup>
  <ItemGroup>
    <CustomBuild Include="res\CGExe.ico">
      <Filter>Resource Files</Filter>
    </CustomBuild>
    <CustomBuild Include="res\CGExe.rc2">
      <Filter>Resource Files</Filter>
    </CustomBuild>
    <CustomBuild Include="res\CGExeDoc.ico">
      <Filter>Resource Files</Filter>
    </CustomBuild>
    <CustomBuild Include="res\Toolbar.bmp">
      <Filter>Resource Files</Filter>
    </CustomBuild>
    <CustomBuild Include="ReadMe.txt" />
  </ItemGroup>
</Project>